
Microsoft Visual Studio Solution File, Format Version 12.00
# Visual Studio 15
VisualStudioVersion = 15.0.27428.2043
MinimumVisualStudioVersion = 10.0.40219.1
Project("{FAE04EC0-301F-11D3-BF4B-00C04F79EFBC}") = "NxN Det", "NxN Det\NxN Det.csproj", "{8B8847E6-4DC5-420D-855E-4EDD5E3CFBAB}"
EndProject
Global
	GlobalSection(SolutionConfigurationPlatforms) = preSolution
		Debug|Any CPU = Debug|Any CPU
		Release|Any CPU = Release|Any CPU
	EndGlobalSection
	GlobalSection(ProjectConfigurationPlatforms) = postSolution
		{8B8847E6-4DC5-420D-855E-4EDD5E3CFBAB}.Debug|Any CPU.ActiveCfg = Debug|Any CPU
		{8B8847E6-4DC5-420D-855E-4EDD5E3CFBAB}.Debug|Any CPU.Build.0 = Debug|Any CPU
		{8B8847E6-4DC5-420D-855E-4EDD5E3CFBAB}.Release|Any CPU.ActiveCfg = Release|Any CPU
		{8B8847E6-4DC5-420D-855E-4EDD5E3CFBAB}.Release|Any CPU.Build.0 = Release|Any CPU
	EndGlobalSection
	GlobalSection(SolutionProperties) = preSolution
		HideSolutionNode = FALSE
	EndGlobalSection
	GlobalSection(ExtensibilityGlobals) = postSolution
		SolutionGuid = {CC774200-27C5-4BE3-A5FD-A22251A65911}
	EndGlobalSection
EndGlobal
